
Microsoft Visual Studio Solution File, Format Version 12.00
# Visual Studio 14
VisualStudioVersion = 14.0.25420.1
MinimumVisualStudioVersion = 10.0.40219.1
Project("{FAE04EC0-301F-11D3-BF4B-00C04F79EFBC}") = "Lab3.1", "Lab3.1.csproj", "{F88B2CDE-37F0-4E7E-9F78-EE3A544AC6A7}"
EndProject
Global
	GlobalSection(SolutionConfigurationPlatforms) = preSolution
		Debug|Any CPU = Debug|Any CPU
		Release|Any CPU = Release|Any CPU
	EndGlobalSection
	GlobalSection(ProjectConfigurationPlatforms) = postSolution
		{F88B2CDE-37F0-4E7E-9F78-EE3A544AC6A7}.Debug|Any CPU.ActiveCfg = Debug|Any CPU
		{F88B2CDE-37F0-4E7E-9F78-EE3A544AC6A7}.Debug|Any CPU.Build.0 = Debug|Any CPU
		{F88B2CDE-37F0-4E7E-9F78-EE3A544AC6A7}.Release|Any CPU.ActiveCfg = Release|Any CPU
		{F88B2CDE-37F0-4E7E-9F78-EE3A544AC6A7}.Release|Any CPU.Build.0 = Release|Any CPU
	EndGlobalSection
	GlobalSection(SolutionProperties) = preSolution
		HideSolutionNode = FALSE
	EndGlobalSection
EndGlobal
